
Microsoft Visual Studio Solution File, Format Version 12.00
# Visual Studio Version 16
VisualStudioVersion = 16.0.30907.101
MinimumVisualStudioVersion = 10.0.40219.1
Project("{FAE04EC0-301F-11D3-BF4B-00C04F79EFBC}") = "RecordNotFoundException", "RecordNotFoundException\RecordNotFoundException.csproj", "{A0F015F3-2D1E-4A97-BA05-87AADD9ACF8F}"
EndProject
Global
	GlobalSection(SolutionConfigurationPlatforms) = preSolution
		Debug|Any CPU = Debug|Any CPU
		Release|Any CPU = Release|Any CPU
	EndGlobalSection
	GlobalSection(ProjectConfigurationPlatforms) = postSolution
		{A0F015F3-2D1E-4A97-BA05-87AADD9ACF8F}.Debug|Any CPU.ActiveCfg = Debug|Any CPU
		{A0F015F3-2D1E-4A97-BA05-87AADD9ACF8F}.Debug|Any CPU.Build.0 = Debug|Any CPU
		{A0F015F3-2D1E-4A97-BA05-87AADD9ACF8F}.Release|Any CPU.ActiveCfg = Release|Any CPU
		{A0F015F3-2D1E-4A97-BA05-87AADD9ACF8F}.Release|Any CPU.Build.0 = Release|Any CPU
	EndGlobalSection
	GlobalSection(SolutionProperties) = preSolution
		HideSolutionNode = FALSE
	EndGlobalSection
	GlobalSection(ExtensibilityGlobals) = postSolution
		SolutionGuid = {79C070EE-D177-4C78-A4C7-0D978EFB9FC8}
	EndGlobalSection
EndGlobal
